
Microsoft Visual Studio Solution File, Format Version 12.00
# Visual Studio Version 16
VisualStudioVersion = 16.0.29806.167
MinimumVisualStudioVersion = 10.0.40219.1
Project("{FAE04EC0-301F-11D3-BF4B-00C04F79EFBC}") = "UrlShortenProject", "UrlShortenProject.csproj", "{D3ADD6AA-097E-4B2E-8E64-C1EABC1A54E9}"
EndProject
Global
	GlobalSection(SolutionConfigurationPlatforms) = preSolution
		Debug|Any CPU = Debug|Any CPU
		Release|Any CPU = Release|Any CPU
	EndGlobalSection
	GlobalSection(ProjectConfigurationPlatforms) = postSolution
		{D3ADD6AA-097E-4B2E-8E64-C1EABC1A54E9}.Debug|Any CPU.ActiveCfg = Debug|Any CPU
		{D3ADD6AA-097E-4B2E-8E64-C1EABC1A54E9}.Debug|Any CPU.Build.0 = Debug|Any CPU
		{D3ADD6AA-097E-4B2E-8E64-C1EABC1A54E9}.Release|Any CPU.ActiveCfg = Release|Any CPU
		{D3ADD6AA-097E-4B2E-8E64-C1EABC1A54E9}.Release|Any CPU.Build.0 = Release|Any CPU
	EndGlobalSection
	GlobalSection(SolutionProperties) = preSolution
		HideSolutionNode = FALSE
	EndGlobalSection
	GlobalSection(ExtensibilityGlobals) = postSolution
		SolutionGuid = {41A754EE-C17F-4B52-9269-5861E5E5AAA8}
	EndGlobalSection
EndGlobal
